// !$*UTF8*$!
{
	archiveVersion = 1;
	classes = {
	};
	objectVersion = 51;
	objects = {

/* Begin PBXBuildFile section */
		250B675727760B8300CF1706 /* OnboardingViewController.swift in Sources */ = {isa = PBXBuildFile; fileRef = 250B675627760B8300CF1706 /* OnboardingViewController.swift */; };
		2511EFF82763E26900F01C4E /* AppDelegate.swift in Sources */ = {isa = PBXBuildFile; fileRef = 2511EFF72763E26900F01C4E /* AppDelegate.swift */; };
		2511EFFA2763E26900F01C4E /* SceneDelegate.swift in Sources */ = {isa = PBXBuildFile; fileRef = 2511EFF92763E26900F01C4E /* SceneDelegate.swift */; };
		2511EFFC2763E26900F01C4E /* HomeViewController.swift in Sources */ = {isa = PBXBuildFile; fileRef = 2511EFFB2763E26900F01C4E /* HomeViewController.swift */; };
		2511EFFF2763E26900F01C4E /* Main.storyboard in Resources */ = {isa = PBXBuildFile; fileRef = 2511EFFD2763E26900F01C4E /* Main.storyboard */; };
		2511F0042763E26A00F01C4E /* Assets.xcassets in Resources */ = {isa = PBXBuildFile; fileRef = 2511F0032763E26A00F01C4E /* Assets.xcassets */; };
		2511F0072763E26A00F01C4E /* LaunchScreen.storyboard in Resources */ = {isa = PBXBuildFile; fileRef = 2511F0052763E26A00F01C4E /* LaunchScreen.storyboard */; };
		2511F0162763E33B00F01C4E /* Ext.UILableCustom.swift in Sources */ = {isa = PBXBuildFile; fileRef = 2511F0132763E33B00F01C4E /* Ext.UILableCustom.swift */; };
		2511F0172763E33B00F01C4E /* Ext.SetUp.swift in Sources */ = {isa = PBXBuildFile; fileRef = 2511F0142763E33B00F01C4E /* Ext.SetUp.swift */; };
		2511F0182763E33B00F01C4E /* Ext.UIButtonCustom.swift in Sources */ = {isa = PBXBuildFile; fileRef = 2511F0152763E33B00F01C4E /* Ext.UIButtonCustom.swift */; };
		2511F01A2763E37E00F01C4E /* LogoController.swift in Sources */ = {isa = PBXBuildFile; fileRef = 2511F0192763E37E00F01C4E /* LogoController.swift */; };
		2511F01C2763F09300F01C4E /* JoinController.swift in Sources */ = {isa = PBXBuildFile; fileRef = 2511F01B2763F09300F01C4E /* JoinController.swift */; };
		2511F01E2763FDDF00F01C4E /* SettingController.swift in Sources */ = {isa = PBXBuildFile; fileRef = 2511F01D2763FDDF00F01C4E /* SettingController.swift */; };
		2511F0242764B8F200F01C4E /* SettingCell.swift in Sources */ = {isa = PBXBuildFile; fileRef = 2511F0232764B8F200F01C4E /* SettingCell.swift */; };
		2516981F2778881E00B007C5 /* AddPostTableVC.swift in Sources */ = {isa = PBXBuildFile; fileRef = 2516981E2778881E00B007C5 /* AddPostTableVC.swift */; };
		251698212779F38700B007C5 /* Spot.swift in Sources */ = {isa = PBXBuildFile; fileRef = 251698202779F38700B007C5 /* Spot.swift */; };
		25169823277A450000B007C5 /* Spots.swift in Sources */ = {isa = PBXBuildFile; fileRef = 25169822277A450000B007C5 /* Spots.swift */; };
		251A3F9A2767624400B07E98 /* SignUPViewController.swift in Sources */ = {isa = PBXBuildFile; fileRef = 251A3F992767624400B07E98 /* SignUPViewController.swift */; };
		251A3F9C2767627F00B07E98 /* LoginViewController.swift in Sources */ = {isa = PBXBuildFile; fileRef = 251A3F9B2767627F00B07E98 /* LoginViewController.swift */; };
		251A3FA02767B73400B07E98 /* UtilitiesCustom.swift in Sources */ = {isa = PBXBuildFile; fileRef = 251A3F9F2767B73400B07E98 /* UtilitiesCustom.swift */; };
		2521C33C2769279F00228E33 /* Constants.swift in Sources */ = {isa = PBXBuildFile; fileRef = 2521C33B2769279F00228E33 /* Constants.swift */; };
		253599A72769D4C1009BAD47 /* Ext.UITextFieldCustom.swift in Sources */ = {isa = PBXBuildFile; fileRef = 253599A62769D4C1009BAD47 /* Ext.UITextFieldCustom.swift */; };
		253599A9276A03AA009BAD47 /* TabBarViewController.swift in Sources */ = {isa = PBXBuildFile; fileRef = 253599A8276A03AA009BAD47 /* TabBarViewController.swift */; };
		253599AB276A155D009BAD47 /* JobTableModel.swift in Sources */ = {isa = PBXBuildFile; fileRef = 253599AA276A155D009BAD47 /* JobTableModel.swift */; };
		253599AE276A16F2009BAD47 /* JobTableViewCell.swift in Sources */ = {isa = PBXBuildFile; fileRef = 253599AD276A16F2009BAD47 /* JobTableViewCell.swift */; };
		253599B0276A18AD009BAD47 /* JobeTableViewController.swift in Sources */ = {isa = PBXBuildFile; fileRef = 253599AF276A18AD009BAD47 /* JobeTableViewController.swift */; };
		253D7FF72771EE9A00B6FD56 /* OnboardingSlide.swift in Sources */ = {isa = PBXBuildFile; fileRef = 253D7FF62771EE9A00B6FD56 /* OnboardingSlide.swift */; };
		253D7FFB2771F54200B6FD56 /* OnboardingCollectionViewCell.swift in Sources */ = {isa = PBXBuildFile; fileRef = 253D7FFA2771F54200B6FD56 /* OnboardingCollectionViewCell.swift */; };
		2564763F2767E9C300F605F0 /* GoogleService-Info.plist in Resources */ = {isa = PBXBuildFile; fileRef = 2564763E2767E9C300F605F0 /* GoogleService-Info.plist */; };
		25BFE127277B054500A5984E /* addPostTabelCell.swift in Sources */ = {isa = PBXBuildFile; fileRef = 25BFE126277B054500A5984E /* addPostTabelCell.swift */; };
		25BFE129277B38A100A5984E /* Ext.+ ButtonAleart.swift in Sources */ = {isa = PBXBuildFile; fileRef = 25BFE128277B38A100A5984E /* Ext.+ ButtonAleart.swift */; };
		25C288962764E37D0043D16C /* SettingModel.swift in Sources */ = {isa = PBXBuildFile; fileRef = 25C288952764E37D0043D16C /* SettingModel.swift */; };
		25C2C36B2776850600D6B9C0 /* Ext.UIView.swift in Sources */ = {isa = PBXBuildFile; fileRef = 25C2C36A2776850500D6B9C0 /* Ext.UIView.swift */; };
		25C8C379277071DF000C9B4D /* ProfileVC.swift in Sources */ = {isa = PBXBuildFile; fileRef = 25C8C378277071DF000C9B4D /* ProfileVC.swift */; };
		25C8C37B2770B5EC000C9B4D /* ProfailModel.swift in Sources */ = {isa = PBXBuildFile; fileRef = 25C8C37A2770B5EC000C9B4D /* ProfailModel.swift */; };
		25C8C37D2770BC07000C9B4D /* StartViewController.swift in Sources */ = {isa = PBXBuildFile; fileRef = 25C8C37C2770BC07000C9B4D /* StartViewController.swift */; };
		25DAD75B276F193B00507877 /* DetailsOfJobVC.swift in Sources */ = {isa = PBXBuildFile; fileRef = 25DAD75A276F193B00507877 /* DetailsOfJobVC.swift */; };
		25DAD75D276F404300507877 /* CustomToolbarVC.swift in Sources */ = {isa = PBXBuildFile; fileRef = 25DAD75C276F404300507877 /* CustomToolbarVC.swift */; };
		E0E6768874864FC5886540A9 /* Pods_Part_time_job.framework in Frameworks */ = {isa = PBXBuildFile; fileRef = 23DF4408B6AABD2AC56CCE33 /* Pods_Part_time_job.framework */; };
/* End PBXBuildFile section */

/* Begin PBXFileReference section */
		23DF4408B6AABD2AC56CCE33 /* Pods_Part_time_job.framework */ = {isa = PBXFileReference; explicitFileType = wrapper.framework; includeInIndex = 0; path = Pods_Part_time_job.framework; sourceTree = BUILT_PRODUCTS_DIR; };
		250B675627760B8300CF1706 /* OnboardingViewController.swift */ = {isa = PBXFileReference; lastKnownFileType = sourcecode.swift; path = OnboardingViewController.swift; sourceTree = "<group>"; };
		2511EFF42763E26900F01C4E /* Part-time job.app */ = {isa = PBXFileReference; explicitFileType = wrapper.application; includeInIndex = 0; path = "Part-time job.app"; sourceTree = BUILT_PRODUCTS_DIR; };
		2511EFF72763E26900F01C4E /* AppDelegate.swift */ = {isa = PBXFileReference; lastKnownFileType = sourcecode.swift; path = AppDelegate.swift; sourceTree = "<group>"; };
		2511EFF92763E26900F01C4E /* SceneDelegate.swift */ = {isa = PBXFileReference; lastKnownFileType = sourcecode.swift; path = SceneDelegate.swift; sourceTree = "<group>"; };
		2511EFFB2763E26900F01C4E /* HomeViewController.swift */ = {isa = PBXFileReference; lastKnownFileType = sourcecode.swift; path = HomeViewController.swift; sourceTree = "<group>"; };
		2511EFFE2763E26900F01C4E /* Base */ = {isa = PBXFileReference; lastKnownFileType = file.storyboard; name = Base; path = Base.lproj/Main.storyboard; sourceTree = "<group>"; };
		2511F0032763E26A00F01C4E /* Assets.xcassets */ = {isa = PBXFileReference; lastKnownFileType = folder.assetcatalog; path = Assets.xcassets; sourceTree = "<group>"; };
		2511F0062763E26A00F01C4E /* Base */ = {isa = PBXFileReference; lastKnownFileType = file.storyboard; name = Base; path = Base.lproj/LaunchScreen.storyboard; sourceTree = "<group>"; };
		2511F0082763E26A00F01C4E /* Info.plist */ = {isa = PBXFileReference; lastKnownFileType = text.plist.xml; path = Info.plist; sourceTree = "<group>"; };
		2511F0132763E33B00F01C4E /* Ext.UILableCustom.swift */ = {isa = PBXFileReference; fileEncoding = 4; lastKnownFileType = sourcecode.swift; path = Ext.UILableCustom.swift; sourceTree = "<group>"; };
		2511F0142763E33B00F01C4E /* Ext.SetUp.swift */ = {isa = PBXFileReference; fileEncoding = 4; lastKnownFileType = sourcecode.swift; path = Ext.SetUp.swift; sourceTree = "<group>"; };
		2511F0152763E33B00F01C4E /* Ext.UIButtonCustom.swift */ = {isa = PBXFileReference; fileEncoding = 4; lastKnownFileType = sourcecode.swift; path = Ext.UIButtonCustom.swift; sourceTree = "<group>"; };
		2511F0192763E37E00F01C4E /* LogoController.swift */ = {isa = PBXFileReference; fileEncoding = 4; lastKnownFileType = sourcecode.swift; path = LogoController.swift; sourceTree = "<group>"; };
		2511F01B2763F09300F01C4E /* JoinController.swift */ = {isa = PBXFileReference; lastKnownFileType = sourcecode.swift; path = JoinController.swift; sourceTree = "<group>"; };
		2511F01D2763FDDF00F01C4E /* SettingController.swift */ = {isa = PBXFileReference; lastKnownFileType = sourcecode.swift; path = SettingController.swift; sourceTree = "<group>"; };
		2511F0232764B8F200F01C4E /* SettingCell.swift */ = {isa = PBXFileReference; lastKnownFileType = sourcecode.swift; path = SettingCell.swift; sourceTree = "<group>"; };
		2516981E2778881E00B007C5 /* AddPostTableVC.swift */ = {isa = PBXFileReference; lastKnownFileType = sourcecode.swift; path = AddPostTableVC.swift; sourceTree = "<group>"; };
		251698202779F38700B007C5 /* Spot.swift */ = {isa = PBXFileReference; lastKnownFileType = sourcecode.swift; path = Spot.swift; sourceTree = "<group>"; };
		25169822277A450000B007C5 /* Spots.swift */ = {isa = PBXFileReference; lastKnownFileType = sourcecode.swift; path = Spots.swift; sourceTree = "<group>"; };
		251A3F992767624400B07E98 /* SignUPViewController.swift */ = {isa = PBXFileReference; lastKnownFileType = sourcecode.swift; path = SignUPViewController.swift; sourceTree = "<group>"; };
		251A3F9B2767627F00B07E98 /* LoginViewController.swift */ = {isa = PBXFileReference; lastKnownFileType = sourcecode.swift; path = LoginViewController.swift; sourceTree = "<group>"; };
		251A3F9F2767B73400B07E98 /* UtilitiesCustom.swift */ = {isa = PBXFileReference; fileEncoding = 4; lastKnownFileType = sourcecode.swift; path = UtilitiesCustom.swift; sourceTree = "<group>"; };
		2521C33B2769279F00228E33 /* Constants.swift */ = {isa = PBXFileReference; lastKnownFileType = sourcecode.swift; path = Constants.swift; sourceTree = "<group>"; };
		253599A62769D4C1009BAD47 /* Ext.UITextFieldCustom.swift */ = {isa = PBXFileReference; lastKnownFileType = sourcecode.swift; path = Ext.UITextFieldCustom.swift; sourceTree = "<group>"; };
		253599A8276A03AA009BAD47 /* TabBarViewController.swift */ = {isa = PBXFileReference; lastKnownFileType = sourcecode.swift; path = TabBarViewController.swift; sourceTree = "<group>"; };
		253599AA276A155D009BAD47 /* JobTableModel.swift */ = {isa = PBXFileReference; lastKnownFileType = sourcecode.swift; path = JobTableModel.swift; sourceTree = "<group>"; };
		253599AD276A16F2009BAD47 /* JobTableViewCell.swift */ = {isa = PBXFileReference; lastKnownFileType = sourcecode.swift; path = JobTableViewCell.swift; sourceTree = "<group>"; };
		253599AF276A18AD009BAD47 /* JobeTableViewController.swift */ = {isa = PBXFileReference; lastKnownFileType = sourcecode.swift; path = JobeTableViewController.swift; sourceTree = "<group>"; };
		253D7FF62771EE9A00B6FD56 /* OnboardingSlide.swift */ = {isa = PBXFileReference; lastKnownFileType = sourcecode.swift; path = OnboardingSlide.swift; sourceTree = "<group>"; };
		253D7FFA2771F54200B6FD56 /* OnboardingCollectionViewCell.swift */ = {isa = PBXFileReference; lastKnownFileType = sourcecode.swift; path = OnboardingCollectionViewCell.swift; sourceTree = "<group>"; };
		2564763E2767E9C300F605F0 /* GoogleService-Info.plist */ = {isa = PBXFileReference; fileEncoding = 4; lastKnownFileType = text.plist.xml; path = "GoogleService-Info.plist"; sourceTree = "<group>"; };
		25BFE126277B054500A5984E /* addPostTabelCell.swift */ = {isa = PBXFileReference; lastKnownFileType = sourcecode.swift; path = addPostTabelCell.swift; sourceTree = "<group>"; };
		25BFE128277B38A100A5984E /* Ext.+ ButtonAleart.swift */ = {isa = PBXFileReference; lastKnownFileType = sourcecode.swift; path = "Ext.+ ButtonAleart.swift"; sourceTree = "<group>"; };
		25C288952764E37D0043D16C /* SettingModel.swift */ = {isa = PBXFileReference; lastKnownFileType = sourcecode.swift; path = SettingModel.swift; sourceTree = "<group>"; };
		25C2C36A2776850500D6B9C0 /* Ext.UIView.swift */ = {isa = PBXFileReference; fileEncoding = 4; lastKnownFileType = sourcecode.swift; path = Ext.UIView.swift; sourceTree = "<group>"; };
		25C8C378277071DF000C9B4D /* ProfileVC.swift */ = {isa = PBXFileReference; lastKnownFileType = sourcecode.swift; path = ProfileVC.swift; sourceTree = "<group>"; };
		25C8C37A2770B5EC000C9B4D /* ProfailModel.swift */ = {isa = PBXFileReference; lastKnownFileType = sourcecode.swift; path = ProfailModel.swift; sourceTree = "<group>"; };
		25C8C37C2770BC07000C9B4D /* StartViewController.swift */ = {isa = PBXFileReference; lastKnownFileType = sourcecode.swift; path = StartViewController.swift; sourceTree = "<group>"; };
		25DAD75A276F193B00507877 /* DetailsOfJobVC.swift */ = {isa = PBXFileReference; lastKnownFileType = sourcecode.swift; path = DetailsOfJobVC.swift; sourceTree = "<group>"; };
		25DAD75C276F404300507877 /* CustomToolbarVC.swift */ = {isa = PBXFileReference; lastKnownFileType = sourcecode.swift; path = CustomToolbarVC.swift; sourceTree = "<group>"; };
		54ACC92C25B6DAD05AC24413 /* Pods-Part-time job.debug.xcconfig */ = {isa = PBXFileReference; includeInIndex = 1; lastKnownFileType = text.xcconfig; name = "Pods-Part-time job.debug.xcconfig"; path = "Target Support Files/Pods-Part-time job/Pods-Part-time job.debug.xcconfig"; sourceTree = "<group>"; };
		F455718DD1262C645018750B /* Pods-Part-time job.release.xcconfig */ = {isa = PBXFileReference; includeInIndex = 1; lastKnownFileType = text.xcconfig; name = "Pods-Part-time job.release.xcconfig"; path = "Target Support Files/Pods-Part-time job/Pods-Part-time job.release.xcconfig"; sourceTree = "<group>"; };
/* End PBXFileReference section */

/* Begin PBXFrameworksBuildPhase section */
		2511EFF12763E26900F01C4E /* Frameworks */ = {
			isa = PBXFrameworksBuildPhase;
			buildActionMask = 2147483647;
			files = (
				E0E6768874864FC5886540A9 /* Pods_Part_time_job.framework in Frameworks */,
			);
			runOnlyForDeploymentPostprocessing = 0;
		};
/* End PBXFrameworksBuildPhase section */

/* Begin PBXGroup section */
		2511EFEB2763E26900F01C4E = {
			isa = PBXGroup;
			children = (
				2511EFF62763E26900F01C4E /* Part-time job */,
				2511EFF52763E26900F01C4E /* Products */,
				B4840643BE17154BCF961A71 /* Pods */,
				5AF0560DEC47C68D732A2DB5 /* Frameworks */,
			);
			sourceTree = "<group>";
		};
		2511EFF52763E26900F01C4E /* Products */ = {
			isa = PBXGroup;
			children = (
				2511EFF42763E26900F01C4E /* Part-time job.app */,
			);
			name = Products;
			sourceTree = "<group>";
		};
		2511EFF62763E26900F01C4E /* Part-time job */ = {
			isa = PBXGroup;
			children = (
				2511F0112763E2FE00F01C4E /* View */,
				2511F0122763E33B00F01C4E /* Custom */,
				2516981827787ADF00B007C5 /* Model */,
				2511F0102763E2D600F01C4E /* Controller */,
				2511F00F2763E28E00F01C4E /* Support files */,
				2511F0082763E26A00F01C4E /* Info.plist */,
			);
			path = "Part-time job";
			sourceTree = "<group>";
		};
		2511F00F2763E28E00F01C4E /* Support files */ = {
			isa = PBXGroup;
			children = (
				2511F0032763E26A00F01C4E /* Assets.xcassets */,
				2511EFF72763E26900F01C4E /* AppDelegate.swift */,
				2511EFF92763E26900F01C4E /* SceneDelegate.swift */,
				2564763E2767E9C300F605F0 /* GoogleService-Info.plist */,
			);
			path = "Support files";
			sourceTree = "<group>";
		};
		2511F0102763E2D600F01C4E /* Controller */ = {
			isa = PBXGroup;
			children = (
				257E284A2771B42900A71BDC /* do */,
				2511F01B2763F09300F01C4E /* JoinController.swift */,
				25C8C37C2770BC07000C9B4D /* StartViewController.swift */,
				2511EFFB2763E26900F01C4E /* HomeViewController.swift */,
				253599A8276A03AA009BAD47 /* TabBarViewController.swift */,
				251A3F992767624400B07E98 /* SignUPViewController.swift */,
				251A3F9B2767627F00B07E98 /* LoginViewController.swift */,
				2516981727787AB100B007C5 /* Onboarding */,
				25DAD75E276F404A00507877 /* Profail */,
				253599AC276A1562009BAD47 /* JobTable */,
				25C288942764E2FC0043D16C /* Setting */,
				2511F0192763E37E00F01C4E /* LogoController.swift */,
			);
			path = Controller;
			sourceTree = "<group>";
		};
		2511F0112763E2FE00F01C4E /* View */ = {
			isa = PBXGroup;
			children = (
				2516981B2778813C00B007C5 /* AddPostTable */,
				2511EFFD2763E26900F01C4E /* Main.storyboard */,
				2511F0052763E26A00F01C4E /* LaunchScreen.storyboard */,
			);
			path = View;
			sourceTree = "<group>";
		};
		2511F0122763E33B00F01C4E /* Custom */ = {
			isa = PBXGroup;
			children = (
				2511F0132763E33B00F01C4E /* Ext.UILableCustom.swift */,
				2511F0152763E33B00F01C4E /* Ext.UIButtonCustom.swift */,
				253599A62769D4C1009BAD47 /* Ext.UITextFieldCustom.swift */,
				25C2C36A2776850500D6B9C0 /* Ext.UIView.swift */,
				25BFE128277B38A100A5984E /* Ext.+ ButtonAleart.swift */,
				2511F0142763E33B00F01C4E /* Ext.SetUp.swift */,
				251A3F9F2767B73400B07E98 /* UtilitiesCustom.swift */,
				2521C33B2769279F00228E33 /* Constants.swift */,
			);
			path = Custom;
			sourceTree = "<group>";
		};
		2516981727787AB100B007C5 /* Onboarding */ = {
			isa = PBXGroup;
			children = (
				253D7FFA2771F54200B6FD56 /* OnboardingCollectionViewCell.swift */,
				250B675627760B8300CF1706 /* OnboardingViewController.swift */,
			);
			path = Onboarding;
			sourceTree = "<group>";
		};
		2516981827787ADF00B007C5 /* Model */ = {
			isa = PBXGroup;
			children = (
				25C8C37A2770B5EC000C9B4D /* ProfailModel.swift */,
				253599AA276A155D009BAD47 /* JobTableModel.swift */,
				25C288952764E37D0043D16C /* SettingModel.swift */,
				253D7FF62771EE9A00B6FD56 /* OnboardingSlide.swift */,
			);
			path = Model;
			sourceTree = "<group>";
		};
		2516981B2778813C00B007C5 /* AddPostTable */ = {
			isa = PBXGroup;
			children = (
				25DAD75C276F404300507877 /* CustomToolbarVC.swift */,
				2516981E2778881E00B007C5 /* AddPostTableVC.swift */,
				25BFE126277B054500A5984E /* addPostTabelCell.swift */,
				251698202779F38700B007C5 /* Spot.swift */,
				25169822277A450000B007C5 /* Spots.swift */,
			);
			path = AddPostTable;
			sourceTree = "<group>";
		};
		253599AC276A1562009BAD47 /* JobTable */ = {
			isa = PBXGroup;
			children = (
				253599AD276A16F2009BAD47 /* JobTableViewCell.swift */,
				25DAD75A276F193B00507877 /* DetailsOfJobVC.swift */,
				253599AF276A18AD009BAD47 /* JobeTableViewController.swift */,
			);
			path = JobTable;
			sourceTree = "<group>";
		};
		257E284A2771B42900A71BDC /* do */ = {
			isa = PBXGroup;
			children = (
			);
			path = do;
			sourceTree = "<group>";
		};
		25C288942764E2FC0043D16C /* Setting */ = {
			isa = PBXGroup;
			children = (
				2511F0232764B8F200F01C4E /* SettingCell.swift */,
				2511F01D2763FDDF00F01C4E /* SettingController.swift */,
			);
			path = Setting;
			sourceTree = "<group>";
		};
		25DAD75E276F404A00507877 /* Profail */ = {
			isa = PBXGroup;
			children = (
				25C8C378277071DF000C9B4D /* ProfileVC.swift */,
			);
			path = Profail;
			sourceTree = "<group>";
		};
		5AF0560DEC47C68D732A2DB5 /* Frameworks */ = {
			isa = PBXGroup;
			children = (
				23DF4408B6AABD2AC56CCE33 /* Pods_Part_time_job.framework */,
			);
			name = Frameworks;
			sourceTree = "<group>";
		};
		B4840643BE17154BCF961A71 /* Pods */ = {
			isa = PBXGroup;
			children = (
				54ACC92C25B6DAD05AC24413 /* Pods-Part-time job.debug.xcconfig */,
				F455718DD1262C645018750B /* Pods-Part-time job.release.xcconfig */,
			);
			path = Pods;
			sourceTree = "<group>";
		};
/* End PBXGroup section */

/* Begin PBXNativeTarget section */
		2511EFF32763E26900F01C4E /* Part-time job */ = {
			isa = PBXNativeTarget;
			buildConfigurationList = 2511F00B2763E26A00F01C4E /* Build configuration list for PBXNativeTarget "Part-time job" */;
			buildPhases = (
				16A2C596C79ADBB4974298B3 /* [CP] Check Pods Manifest.lock */,
				2511EFF02763E26900F01C4E /* Sources */,
				2511EFF12763E26900F01C4E /* Frameworks */,
				2511EFF22763E26900F01C4E /* Resources */,
				673CF02E4D1DDEA361BA9A99 /* [CP] Embed Pods Frameworks */,
			);
			buildRules = (
			);
			dependencies = (
			);
			name = "Part-time job";
			productName = "Part-time job";
			productReference = 2511EFF42763E26900F01C4E /* Part-time job.app */;
			productType = "com.apple.product-type.application";
		};
/* End PBXNativeTarget section */

/* Begin PBXProject section */
		2511EFEC2763E26900F01C4E /* Project object */ = {
			isa = PBXProject;
			attributes = {
				LastSwiftUpdateCheck = 1250;
				LastUpgradeCheck = 1250;
				TargetAttributes = {
					2511EFF32763E26900F01C4E = {
						CreatedOnToolsVersion = 12.5;
					};
				};
			};
			buildConfigurationList = 2511EFEF2763E26900F01C4E /* Build configuration list for PBXProject "Part-time job " */;
			compatibilityVersion = "Xcode 9.3";
			developmentRegion = en;
			hasScannedForEncodings = 0;
			knownRegions = (
				en,
				Base,
			);
			mainGroup = 2511EFEB2763E26900F01C4E;
			productRefGroup = 2511EFF52763E26900F01C4E /* Products */;
			projectDirPath = "";
			projectRoot = "";
			targets = (
				2511EFF32763E26900F01C4E /* Part-time job */,
			);
		};
/* End PBXProject section */

/* Begin PBXResourcesBuildPhase section */
		2511EFF22763E26900F01C4E /* Resources */ = {
			isa = PBXResourcesBuildPhase;
			buildActionMask = 2147483647;
			files = (
				2511F0072763E26A00F01C4E /* LaunchScreen.storyboard in Resources */,
				2564763F2767E9C300F605F0 /* GoogleService-Info.plist in Resources */,
				2511F0042763E26A00F01C4E /* Assets.xcassets in Resources */,
				2511EFFF2763E26900F01C4E /* Main.storyboard in Resources */,
			);
			runOnlyForDeploymentPostprocessing = 0;
		};
/* End PBXResourcesBuildPhase section */

/* Begin PBXShellScriptBuildPhase section */
		16A2C596C79ADBB4974298B3 /* [CP] Check Pods Manifest.lock */ = {
			isa = PBXShellScriptBuildPhase;
			buildActionMask = 2147483647;
			files = (
			);
			inputFileListPaths = (
			);
			inputPaths = (
				"${PODS_PODFILE_DIR_PATH}/Podfile.lock",
				"${PODS_ROOT}/Manifest.lock",
			);
			name = "[CP] Check Pods Manifest.lock";
			outputFileListPaths = (
			);
			outputPaths = (
				"$(DERIVED_FILE_DIR)/Pods-Part-time job-checkManifestLockResult.txt",
			);
			runOnlyForDeploymentPostprocessing = 0;
			shellPath = /bin/sh;
			shellScript = "diff \"${PODS_PODFILE_DIR_PATH}/Podfile.lock\" \"${PODS_ROOT}/Manifest.lock\" > /dev/null\nif [ $? != 0 ] ; then\n    # print error to STDERR\n    echo \"error: The sandbox is not in sync with the Podfile.lock. Run 'pod install' or update your CocoaPods installation.\" >&2\n    exit 1\nfi\n# This output is used by Xcode 'outputs' to avoid re-running this script phase.\necho \"SUCCESS\" > \"${SCRIPT_OUTPUT_FILE_0}\"\n";
			showEnvVarsInLog = 0;
		};
		673CF02E4D1DDEA361BA9A99 /* [CP] Embed Pods Frameworks */ = {
			isa = PBXShellScriptBuildPhase;
			buildActionMask = 2147483647;
			files = (
			);
			inputFileListPaths = (
				"${PODS_ROOT}/Target Support Files/Pods-Part-time job/Pods-Part-time job-frameworks-${CONFIGURATION}-input-files.xcfilelist",
			);
			name = "[CP] Embed Pods Frameworks";
			outputFileListPaths = (
				"${PODS_ROOT}/Target Support Files/Pods-Part-time job/Pods-Part-time job-frameworks-${CONFIGURATION}-output-files.xcfilelist",
			);
			runOnlyForDeploymentPostprocessing = 0;
			shellPath = /bin/sh;
			shellScript = "\"${PODS_ROOT}/Target Support Files/Pods-Part-time job/Pods-Part-time job-frameworks.sh\"\n";
			showEnvVarsInLog = 0;
		};
/* End PBXShellScriptBuildPhase section */

/* Begin PBXSourcesBuildPhase section */
		2511EFF02763E26900F01C4E /* Sources */ = {
			isa = PBXSourcesBuildPhase;
			buildActionMask = 2147483647;
			files = (
				253599AB276A155D009BAD47 /* JobTableModel.swift in Sources */,
				25BFE127277B054500A5984E /* addPostTabelCell.swift in Sources */,
				25C8C379277071DF000C9B4D /* ProfileVC.swift in Sources */,
				2511F01E2763FDDF00F01C4E /* SettingController.swift in Sources */,
				2511EFFC2763E26900F01C4E /* HomeViewController.swift in Sources */,
				2511F01C2763F09300F01C4E /* JoinController.swift in Sources */,
				251A3FA02767B73400B07E98 /* UtilitiesCustom.swift in Sources */,
				253599A9276A03AA009BAD47 /* TabBarViewController.swift in Sources */,
				2511F0162763E33B00F01C4E /* Ext.UILableCustom.swift in Sources */,
				253D7FF72771EE9A00B6FD56 /* OnboardingSlide.swift in Sources */,
				2511F0242764B8F200F01C4E /* SettingCell.swift in Sources */,
				2511EFF82763E26900F01C4E /* AppDelegate.swift in Sources */,
				2521C33C2769279F00228E33 /* Constants.swift in Sources */,
				2511F01A2763E37E00F01C4E /* LogoController.swift in Sources */,
				250B675727760B8300CF1706 /* OnboardingViewController.swift in Sources */,
				25DAD75D276F404300507877 /* CustomToolbarVC.swift in Sources */,
				25C288962764E37D0043D16C /* SettingModel.swift in Sources */,
				2511EFFA2763E26900F01C4E /* SceneDelegate.swift in Sources */,
				253599A72769D4C1009BAD47 /* Ext.UITextFieldCustom.swift in Sources */,
				2511F0182763E33B00F01C4E /* Ext.UIButtonCustom.swift in Sources */,
				251A3F9A2767624400B07E98 /* SignUPViewController.swift in Sources */,
				251A3F9C2767627F00B07E98 /* LoginViewController.swift in Sources */,
				25C8C37B2770B5EC000C9B4D /* ProfailModel.swift in Sources */,
				25C8C37D2770BC07000C9B4D /* StartViewController.swift in Sources */,
				25DAD75B276F193B00507877 /* DetailsOfJobVC.swift in Sources */,
				25C2C36B2776850600D6B9C0 /* Ext.UIView.swift in Sources */,
				2516981F2778881E00B007C5 /* AddPostTableVC.swift in Sources */,
				2511F0172763E33B00F01C4E /* Ext.SetUp.swift in Sources */,
				25BFE129277B38A100A5984E /* Ext.+ ButtonAleart.swift in Sources */,
				253599AE276A16F2009BAD47 /* JobTableViewCell.swift in Sources */,
				251698212779F38700B007C5 /* Spot.swift in Sources */,
				253D7FFB2771F54200B6FD56 /* OnboardingCollectionViewCell.swift in Sources */,
				253599B0276A18AD009BAD47 /* JobeTableViewController.swift in Sources */,
				25169823277A450000B007C5 /* Spots.swift in Sources */,
			);
			runOnlyForDeploymentPostprocessing = 0;
		};
/* End PBXSourcesBuildPhase section */

/* Begin PBXVariantGroup section */
		2511EFFD2763E26900F01C4E /* Main.storyboard */ = {
			isa = PBXVariantGroup;
			children = (
				2511EFFE2763E26900F01C4E /* Base */,
			);
			name = Main.storyboard;
			sourceTree = "<group>";
		};
		2511F0052763E26A00F01C4E /* LaunchScreen.storyboard */ = {
			isa = PBXVariantGroup;
			children = (
				2511F0062763E26A00F01C4E /* Base */,
			);
			name = LaunchScreen.storyboard;
			sourceTree = "<group>";
		};
/* End PBXVariantGroup section */

/* Begin XCBuildConfiguration section */
		2511F0092763E26A00F01C4E /* Debug */ = {
			isa = XCBuildConfiguration;
			buildSettings = {
				ALWAYS_SEARCH_USER_PATHS = NO;
				CLANG_ANALYZER_NONNULL = YES;
				CLANG_ANALYZER_NUMBER_OBJECT_CONVERSION = YES_AGGRESSIVE;
				CLANG_CXX_LANGUAGE_STANDARD = "gnu++14";
				CLANG_CXX_LIBRARY = "libc++";
				CLANG_ENABLE_MODULES = YES;
				CLANG_ENABLE_OBJC_ARC = YES;
				CLANG_ENABLE_OBJC_WEAK = YES;
				CLANG_WARN_BLOCK_CAPTURE_AUTORELEASING = YES;
				CLANG_WARN_BOOL_CONVERSION = YES;
				CLANG_WARN_COMMA = YES;
				CLANG_WARN_CONSTANT_CONVERSION = YES;
				CLANG_WARN_DEPRECATED_OBJC_IMPLEMENTATIONS = YES;
				CLANG_WARN_DIRECT_OBJC_ISA_USAGE = YES_ERROR;
				CLANG_WARN_DOCUMENTATION_COMMENTS = YES;
				CLANG_WARN_EMPTY_BODY = YES;
				CLANG_WARN_ENUM_CONVERSION = YES;
				CLANG_WARN_INFINITE_RECURSION = YES;
				CLANG_WARN_INT_CONVERSION = YES;
				CLANG_WARN_NON_LITERAL_NULL_CONVERSION = YES;
				CLANG_WARN_OBJC_IMPLICIT_RETAIN_SELF = YES;
				CLANG_WARN_OBJC_LITERAL_CONVERSION = YES;
				CLANG_WARN_OBJC_ROOT_CLASS = YES_ERROR;
				CLANG_WARN_QUOTED_INCLUDE_IN_FRAMEWORK_HEADER = YES;
				CLANG_WARN_RANGE_LOOP_ANALYSIS = YES;
				CLANG_WARN_STRICT_PROTOTYPES = YES;
				CLANG_WARN_SUSPICIOUS_MOVE = YES;
				CLANG_WARN_UNGUARDED_AVAILABILITY = YES_AGGRESSIVE;
				CLANG_WARN_UNREACHABLE_CODE = YES;
				CLANG_WARN__DUPLICATE_METHOD_MATCH = YES;
				COPY_PHASE_STRIP = NO;
				DEBUG_INFORMATION_FORMAT = dwarf;
				ENABLE_STRICT_OBJC_MSGSEND = YES;
				ENABLE_TESTABILITY = YES;
				GCC_C_LANGUAGE_STANDARD = gnu11;
				GCC_DYNAMIC_NO_PIC = NO;
				GCC_NO_COMMON_BLOCKS = YES;
				GCC_OPTIMIZATION_LEVEL = 0;
				GCC_PREPROCESSOR_DEFINITIONS = (
					"DEBUG=1",
					"$(inherited)",
				);
				GCC_WARN_64_TO_32_BIT_CONVERSION = YES;
				GCC_WARN_ABOUT_RETURN_TYPE = YES_ERROR;
				GCC_WARN_UNDECLARED_SELECTOR = YES;
				GCC_WARN_UNINITIALIZED_AUTOS = YES_AGGRESSIVE;
				GCC_WARN_UNUSED_FUNCTION = YES;
				GCC_WARN_UNUSED_VARIABLE = YES;
				IPHONEOS_DEPLOYMENT_TARGET = 14.5;
				MTL_ENABLE_DEBUG_INFO = INCLUDE_SOURCE;
				MTL_FAST_MATH = YES;
				ONLY_ACTIVE_ARCH = YES;
				SDKROOT = iphoneos;
				SWIFT_ACTIVE_COMPILATION_CONDITIONS = DEBUG;
				SWIFT_OPTIMIZATION_LEVEL = "-Onone";
			};
			name = Debug;
		};
		2511F00A2763E26A00F01C4E /* Release */ = {
			isa = XCBuildConfiguration;
			buildSettings = {
				ALWAYS_SEARCH_USER_PATHS = NO;
				CLANG_ANALYZER_NONNULL = YES;
				CLANG_ANALYZER_NUMBER_OBJECT_CONVERSION = YES_AGGRESSIVE;
				CLANG_CXX_LANGUAGE_STANDARD = "gnu++14";
				CLANG_CXX_LIBRARY = "libc++";
				CLANG_ENABLE_MODULES = YES;
				CLANG_ENABLE_OBJC_ARC = YES;
				CLANG_ENABLE_OBJC_WEAK = YES;
				CLANG_WARN_BLOCK_CAPTURE_AUTORELEASING = YES;
				CLANG_WARN_BOOL_CONVERSION = YES;
				CLANG_WARN_COMMA = YES;
				CLANG_WARN_CONSTANT_CONVERSION = YES;
				CLANG_WARN_DEPRECATED_OBJC_IMPLEMENTATIONS = YES;
				CLANG_WARN_DIRECT_OBJC_ISA_USAGE = YES_ERROR;
				CLANG_WARN_DOCUMENTATION_COMMENTS = YES;
				CLANG_WARN_EMPTY_BODY = YES;
				CLANG_WARN_ENUM_CONVERSION = YES;
				CLANG_WARN_INFINITE_RECURSION = YES;
				CLANG_WARN_INT_CONVERSION = YES;
				CLANG_WARN_NON_LITERAL_NULL_CONVERSION = YES;
				CLANG_WARN_OBJC_IMPLICIT_RETAIN_SELF = YES;
				CLANG_WARN_OBJC_LITERAL_CONVERSION = YES;
				CLANG_WARN_OBJC_ROOT_CLASS = YES_ERROR;
				CLANG_WARN_QUOTED_INCLUDE_IN_FRAMEWORK_HEADER = YES;
				CLANG_WARN_RANGE_LOOP_ANALYSIS = YES;
				CLANG_WARN_STRICT_PROTOTYPES = YES;
				CLANG_WARN_SUSPICIOUS_MOVE = YES;
				CLANG_WARN_UNGUARDED_AVAILABILITY = YES_AGGRESSIVE;
				CLANG_WARN_UNREACHABLE_CODE = YES;
				CLANG_WARN__DUPLICATE_METHOD_MATCH = YES;
				COPY_PHASE_STRIP = NO;
				DEBUG_INFORMATION_FORMAT = "dwarf-with-dsym";
				ENABLE_NS_ASSERTIONS = NO;
				ENABLE_STRICT_OBJC_MSGSEND = YES;
				GCC_C_LANGUAGE_STANDARD = gnu11;
				GCC_NO_COMMON_BLOCKS = YES;
				GCC_WARN_64_TO_32_BIT_CONVERSION = YES;
				GCC_WARN_ABOUT_RETURN_TYPE = YES_ERROR;
				GCC_WARN_UNDECLARED_SELECTOR = YES;
				GCC_WARN_UNINITIALIZED_AUTOS = YES_AGGRESSIVE;
				GCC_WARN_UNUSED_FUNCTION = YES;
				GCC_WARN_UNUSED_VARIABLE = YES;
				IPHONEOS_DEPLOYMENT_TARGET = 14.5;
				MTL_ENABLE_DEBUG_INFO = NO;
				MTL_FAST_MATH = YES;
				SDKROOT = iphoneos;
				SWIFT_COMPILATION_MODE = wholemodule;
				SWIFT_OPTIMIZATION_LEVEL = "-O";
				VALIDATE_PRODUCT = YES;
			};
			name = Release;
		};
		2511F00C2763E26A00F01C4E /* Debug */ = {
			isa = XCBuildConfiguration;
			baseConfigurationReference = 54ACC92C25B6DAD05AC24413 /* Pods-Part-time job.debug.xcconfig */;
			buildSettings = {
				ASSETCATALOG_COMPILER_APPICON_NAME = AppIcon;
				ASSETCATALOG_COMPILER_GLOBAL_ACCENT_COLOR_NAME = AccentColor;
				CODE_SIGN_STYLE = Automatic;
				DEVELOPMENT_TEAM = 8FD876BG69;
				INFOPLIST_FILE = "Part-time job/Info.plist";
				LD_RUNPATH_SEARCH_PATHS = (
					"$(inherited)",
					"@executable_path/Frameworks",
				);
				PRODUCT_BUNDLE_IDENTIFIER = "com.Abrar.Part-time-job";
				PRODUCT_NAME = "$(TARGET_NAME)";
				SWIFT_VERSION = 5.0;
				TARGETED_DEVICE_FAMILY = "1,2";
			};
			name = Debug;
		};
		2511F00D2763E26A00F01C4E /* Release */ = {
			isa = XCBuildConfiguration;
			baseConfigurationReference = F455718DD1262C645018750B /* Pods-Part-time job.release.xcconfig */;
			buildSettings = {
				ASSETCATALOG_COMPILER_APPICON_NAME = AppIcon;
				ASSETCATALOG_COMPILER_GLOBAL_ACCENT_COLOR_NAME = AccentColor;
				CODE_SIGN_STYLE = Automatic;
				DEVELOPMENT_TEAM = 8FD876BG69;
				INFOPLIST_FILE = "Part-time job/Info.plist";
				LD_RUNPATH_SEARCH_PATHS = (
					"$(inherited)",
					"@executable_path/Frameworks",
				);
				PRODUCT_BUNDLE_IDENTIFIER = "com.Abrar.Part-time-job";
				PRODUCT_NAME = "$(TARGET_NAME)";
				SWIFT_VERSION = 5.0;
				TARGETED_DEVICE_FAMILY = "1,2";
			};
			name = Release;
		};
/* End XCBuildConfiguration section */

/* Begin XCConfigurationList section */
		2511EFEF2763E26900F01C4E /* Build configuration list for PBXProject "Part-time job " */ = {
			isa = XCConfigurationList;
			buildConfigurations = (
				2511F0092763E26A00F01C4E /* Debug */,
				2511F00A2763E26A00F01C4E /* Release */,
			);
			defaultConfigurationIsVisible = 0;
			defaultConfigurationName = Release;
		};
		2511F00B2763E26A00F01C4E /* Build configuration list for PBXNativeTarget "Part-time job" */ = {
			isa = XCConfigurationList;
			buildConfigurations = (
				2511F00C2763E26A00F01C4E /* Debug */,
				2511F00D2763E26A00F01C4E /* Release */,
			);
			defaultConfigurationIsVisible = 0;
			defaultConfigurationName = Release;
		};
/* End XCConfigurationList section */
	};
	rootObject = 2511EFEC2763E26900F01C4E /* Project object */;
}
